
Microsoft Visual Studio Solution File, Format Version 12.00
# Visual Studio Version 16
VisualStudioVersion = 16.0.30114.105
MinimumVisualStudioVersion = 10.0.40219.1
Project("{2150E333-8FDC-42A3-9474-1A3956D46DE8}") = "src", "src", "{3A689D3C-0518-4473-8EB0-5AEA5BC87B45}"
EndProject
Project("{F2A71F9B-5D33-465A-A702-920D77279786}") = "Functions", "src\Functions\Functions.fsproj", "{5A00A58A-D09C-4665-88B5-5AF6C44B09F4}"
EndProject
Project("{F2A71F9B-5D33-465A-A702-920D77279786}") = "FunctionsExample", "src\FunctionsExample\FunctionsExample.fsproj", "{29B52ECF-4728-438C-B111-181274278645}"
EndProject
Project("{F2A71F9B-5D33-465A-A702-920D77279786}") = "FunctionsTest", "src\FunctionsTest\FunctionsTest.fsproj", "{BC3E883A-A023-407B-8136-4A5C37F0DF57}"
EndProject
Global
	GlobalSection(SolutionConfigurationPlatforms) = preSolution
		Debug|Any CPU = Debug|Any CPU
		Release|Any CPU = Release|Any CPU
	EndGlobalSection
	GlobalSection(SolutionProperties) = preSolution
		HideSolutionNode = FALSE
	EndGlobalSection
	GlobalSection(ProjectConfigurationPlatforms) = postSolution
		{5A00A58A-D09C-4665-88B5-5AF6C44B09F4}.Debug|Any CPU.ActiveCfg = Debug|Any CPU
		{5A00A58A-D09C-4665-88B5-5AF6C44B09F4}.Debug|Any CPU.Build.0 = Debug|Any CPU
		{5A00A58A-D09C-4665-88B5-5AF6C44B09F4}.Release|Any CPU.ActiveCfg = Release|Any CPU
		{5A00A58A-D09C-4665-88B5-5AF6C44B09F4}.Release|Any CPU.Build.0 = Release|Any CPU
		{29B52ECF-4728-438C-B111-181274278645}.Debug|Any CPU.ActiveCfg = Debug|Any CPU
		{29B52ECF-4728-438C-B111-181274278645}.Debug|Any CPU.Build.0 = Debug|Any CPU
		{29B52ECF-4728-438C-B111-181274278645}.Release|Any CPU.ActiveCfg = Release|Any CPU
		{29B52ECF-4728-438C-B111-181274278645}.Release|Any CPU.Build.0 = Release|Any CPU
		{BC3E883A-A023-407B-8136-4A5C37F0DF57}.Debug|Any CPU.ActiveCfg = Debug|Any CPU
		{BC3E883A-A023-407B-8136-4A5C37F0DF57}.Debug|Any CPU.Build.0 = Debug|Any CPU
		{BC3E883A-A023-407B-8136-4A5C37F0DF57}.Release|Any CPU.ActiveCfg = Release|Any CPU
		{BC3E883A-A023-407B-8136-4A5C37F0DF57}.Release|Any CPU.Build.0 = Release|Any CPU
	EndGlobalSection
	GlobalSection(NestedProjects) = preSolution
		{5A00A58A-D09C-4665-88B5-5AF6C44B09F4} = {3A689D3C-0518-4473-8EB0-5AEA5BC87B45}
		{29B52ECF-4728-438C-B111-181274278645} = {3A689D3C-0518-4473-8EB0-5AEA5BC87B45}
		{BC3E883A-A023-407B-8136-4A5C37F0DF57} = {3A689D3C-0518-4473-8EB0-5AEA5BC87B45}
	EndGlobalSection
EndGlobal
